
Microsoft Visual Studio Solution File, Format Version 12.00
# Visual Studio 15
Project("{FAE04EC0-301F-11D3-BF4B-00C04F79EFBC}") = "Assembly-CSharp", "Assembly-CSharp.csproj", "{67DFDEC8-B52D-6F78-375F-5DD6FFB71BE4}"
EndProject
Project("{FAE04EC0-301F-11D3-BF4B-00C04F79EFBC}") = "Assembly-CSharp-firstpass", "Assembly-CSharp-firstpass.csproj", "{CA57E41C-36BD-3871-BE42-8BED6B89D322}"
EndProject
Global
	GlobalSection(SolutionConfigurationPlatforms) = preSolution
		Debug|Any CPU = Debug|Any CPU
		Release|Any CPU = Release|Any CPU
	EndGlobalSection
	GlobalSection(ProjectConfigurationPlatforms) = postSolution
		{67DFDEC8-B52D-6F78-375F-5DD6FFB71BE4}.Debug|Any CPU.ActiveCfg = Debug|Any CPU
		{67DFDEC8-B52D-6F78-375F-5DD6FFB71BE4}.Debug|Any CPU.Build.0 = Debug|Any CPU
		{67DFDEC8-B52D-6F78-375F-5DD6FFB71BE4}.Release|Any CPU.ActiveCfg = Release|Any CPU
		{67DFDEC8-B52D-6F78-375F-5DD6FFB71BE4}.Release|Any CPU.Build.0 = Release|Any CPU
		{CA57E41C-36BD-3871-BE42-8BED6B89D322}.Debug|Any CPU.ActiveCfg = Debug|Any CPU
		{CA57E41C-36BD-3871-BE42-8BED6B89D322}.Debug|Any CPU.Build.0 = Debug|Any CPU
		{CA57E41C-36BD-3871-BE42-8BED6B89D322}.Release|Any CPU.ActiveCfg = Release|Any CPU
		{CA57E41C-36BD-3871-BE42-8BED6B89D322}.Release|Any CPU.Build.0 = Release|Any CPU
	EndGlobalSection
	GlobalSection(SolutionProperties) = preSolution
		HideSolutionNode = FALSE
	EndGlobalSection
EndGlobal
